// !$*UTF8*$!
{
	archiveVersion = 1;
	classes = {
	};
	objectVersion = 56;
	objects = {

/* Begin PBXBuildFile section */
		0789ACD62AAA69FB00C306FB /* AppDelegate.swift in Sources */ = {isa = PBXBuildFile; fileRef = 0789ACD52AAA69FB00C306FB /* AppDelegate.swift */; };
		0789ACD82AAA69FB00C306FB /* SceneDelegate.swift in Sources */ = {isa = PBXBuildFile; fileRef = 0789ACD72AAA69FB00C306FB /* SceneDelegate.swift */; };
		0789ACDA2AAA69FB00C306FB /* ViewController.swift in Sources */ = {isa = PBXBuildFile; fileRef = 0789ACD92AAA69FB00C306FB /* ViewController.swift */; };
		0789ACDD2AAA69FB00C306FB /* Main.storyboard in Resources */ = {isa = PBXBuildFile; fileRef = 0789ACDB2AAA69FB00C306FB /* Main.storyboard */; };
		0789ACDF2AAA69FB00C306FB /* Assets.xcassets in Resources */ = {isa = PBXBuildFile; fileRef = 0789ACDE2AAA69FB00C306FB /* Assets.xcassets */; };
		0789ACE22AAA69FB00C306FB /* LaunchScreen.storyboard in Resources */ = {isa = PBXBuildFile; fileRef = 0789ACE02AAA69FB00C306FB /* LaunchScreen.storyboard */; };
		0789ACED2AAA69FC00C306FB /* TicTacToeTests.swift in Sources */ = {isa = PBXBuildFile; fileRef = 0789ACEC2AAA69FC00C306FB /* TicTacToeTests.swift */; };
		0789ACF72AAA69FC00C306FB /* TicTacToeUITests.swift in Sources */ = {isa = PBXBuildFile; fileRef = 0789ACF62AAA69FC00C306FB /* TicTacToeUITests.swift */; };
		0789ACF92AAA69FC00C306FB /* TicTacToeUITestsLaunchTests.swift in Sources */ = {isa = PBXBuildFile; fileRef = 0789ACF82AAA69FC00C306FB /* TicTacToeUITestsLaunchTests.swift */; };
		07AE1B4F2AB0F99400D7D670 /* Menu_Controller.swift in Sources */ = {isa = PBXBuildFile; fileRef = 07AE1B4E2AB0F99400D7D670 /* Menu_Controller.swift */; };
		07AE1B8F2AB218C300D7D670 /* GameBoard.swift in Sources */ = {isa = PBXBuildFile; fileRef = 07AE1B8E2AB218C300D7D670 /* GameBoard.swift */; };
		07AE1B932AB23D7B00D7D670 /* Player.swift in Sources */ = {isa = PBXBuildFile; fileRef = 07AE1B922AB23D7B00D7D670 /* Player.swift */; };
/* End PBXBuildFile section */

/* Begin PBXContainerItemProxy section */
		0789ACE92AAA69FC00C306FB /* PBXContainerItemProxy */ = {
			isa = PBXContainerItemProxy;
			containerPortal = 0789ACCA2AAA69FB00C306FB /* Project object */;
			proxyType = 1;
			remoteGlobalIDString = 0789ACD12AAA69FB00C306FB;
			remoteInfo = TicTacToe;
		};
		0789ACF32AAA69FC00C306FB /* PBXContainerItemProxy */ = {
			isa = PBXContainerItemProxy;
			containerPortal = 0789ACCA2AAA69FB00C306FB /* Project object */;
			proxyType = 1;
			remoteGlobalIDString = 0789ACD12AAA69FB00C306FB;
			remoteInfo = TicTacToe;
		};
/* End PBXContainerItemProxy section */

/* Begin PBXFileReference section */
		0789ACD22AAA69FB00C306FB /* TicTacToe.app */ = {isa = PBXFileReference; explicitFileType = wrapper.application; includeInIndex = 0; path = TicTacToe.app; sourceTree = BUILT_PRODUCTS_DIR; };
		0789ACD52AAA69FB00C306FB /* AppDelegate.swift */ = {isa = PBXFileReference; lastKnownFileType = sourcecode.swift; path = AppDelegate.swift; sourceTree = "<group>"; };
		0789ACD72AAA69FB00C306FB /* SceneDelegate.swift */ = {isa = PBXFileReference; lastKnownFileType = sourcecode.swift; path = SceneDelegate.swift; sourceTree = "<group>"; };
		0789ACD92AAA69FB00C306FB /* ViewController.swift */ = {isa = PBXFileReference; lastKnownFileType = sourcecode.swift; path = ViewController.swift; sourceTree = "<group>"; };
		0789ACDC2AAA69FB00C306FB /* Base */ = {isa = PBXFileReference; lastKnownFileType = file.storyboard; name = Base; path = Base.lproj/Main.storyboard; sourceTree = "<group>"; };
		0789ACDE2AAA69FB00C306FB /* Assets.xcassets */ = {isa = PBXFileReference; lastKnownFileType = folder.assetcatalog; path = Assets.xcassets; sourceTree = "<group>"; };
		0789ACE12AAA69FB00C306FB /* Base */ = {isa = PBXFileReference; lastKnownFileType = file.storyboard; name = Base; path = Base.lproj/LaunchScreen.storyboard; sourceTree = "<group>"; };
		0789ACE32AAA69FB00C306FB /* Info.plist */ = {isa = PBXFileReference; lastKnownFileType = text.plist.xml; path = Info.plist; sourceTree = "<group>"; };
		0789ACE82AAA69FC00C306FB /* TicTacToeTests.xctest */ = {isa = PBXFileReference; explicitFileType = wrapper.cfbundle; includeInIndex = 0; path = TicTacToeTests.xctest; sourceTree = BUILT_PRODUCTS_DIR; };
		0789ACEC2AAA69FC00C306FB /* TicTacToeTests.swift */ = {isa = PBXFileReference; lastKnownFileType = sourcecode.swift; path = TicTacToeTests.swift; sourceTree = "<group>"; };
		0789ACF22AAA69FC00C306FB /* TicTacToeUITests.xctest */ = {isa = PBXFileReference; explicitFileType = wrapper.cfbundle; includeInIndex = 0; path = TicTacToeUITests.xctest; sourceTree = BUILT_PRODUCTS_DIR; };
		0789ACF62AAA69FC00C306FB /* TicTacToeUITests.swift */ = {isa = PBXFileReference; lastKnownFileType = sourcecode.swift; path = TicTacToeUITests.swift; sourceTree = "<group>"; };
		0789ACF82AAA69FC00C306FB /* TicTacToeUITestsLaunchTests.swift */ = {isa = PBXFileReference; lastKnownFileType = sourcecode.swift; path = TicTacToeUITestsLaunchTests.swift; sourceTree = "<group>"; };
		07AE1B4E2AB0F99400D7D670 /* Menu_Controller.swift */ = {isa = PBXFileReference; lastKnownFileType = sourcecode.swift; path = Menu_Controller.swift; sourceTree = "<group>"; };
		07AE1B8E2AB218C300D7D670 /* GameBoard.swift */ = {isa = PBXFileReference; lastKnownFileType = sourcecode.swift; path = GameBoard.swift; sourceTree = "<group>"; };
		07AE1B922AB23D7B00D7D670 /* Player.swift */ = {isa = PBXFileReference; lastKnownFileType = sourcecode.swift; path = Player.swift; sourceTree = "<group>"; };
/* End PBXFileReference section */

/* Begin PBXFrameworksBuildPhase section */
		0789ACCF2AAA69FB00C306FB /* Frameworks */ = {
			isa = PBXFrameworksBuildPhase;
			buildActionMask = 2147483647;
			files = (
			);
			runOnlyForDeploymentPostprocessing = 0;
		};
		0789ACE52AAA69FC00C306FB /* Frameworks */ = {
			isa = PBXFrameworksBuildPhase;
			buildActionMask = 2147483647;
			files = (
			);
			runOnlyForDeploymentPostprocessing = 0;
		};
		0789ACEF2AAA69FC00C306FB /* Frameworks */ = {
			isa = PBXFrameworksBuildPhase;
			buildActionMask = 2147483647;
			files = (
			);
			runOnlyForDeploymentPostprocessing = 0;
		};
/* End PBXFrameworksBuildPhase section */

/* Begin PBXGroup section */
		0789ACC92AAA69FB00C306FB = {
			isa = PBXGroup;
			children = (
				0789ACD42AAA69FB00C306FB /* TicTacToe */,
				0789ACEB2AAA69FC00C306FB /* TicTacToeTests */,
				0789ACF52AAA69FC00C306FB /* TicTacToeUITests */,
				0789ACD32AAA69FB00C306FB /* Products */,
			);
			sourceTree = "<group>";
		};
		0789ACD32AAA69FB00C306FB /* Products */ = {
			isa = PBXGroup;
			children = (
				0789ACD22AAA69FB00C306FB /* TicTacToe.app */,
				0789ACE82AAA69FC00C306FB /* TicTacToeTests.xctest */,
				0789ACF22AAA69FC00C306FB /* TicTacToeUITests.xctest */,
			);
			name = Products;
			sourceTree = "<group>";
		};
		0789ACD42AAA69FB00C306FB /* TicTacToe */ = {
			isa = PBXGroup;
			children = (
				0789ACD52AAA69FB00C306FB /* AppDelegate.swift */,
				0789ACD72AAA69FB00C306FB /* SceneDelegate.swift */,
				0789ACD92AAA69FB00C306FB /* ViewController.swift */,
				0789ACDB2AAA69FB00C306FB /* Main.storyboard */,
				0789ACDE2AAA69FB00C306FB /* Assets.xcassets */,
				0789ACE02AAA69FB00C306FB /* LaunchScreen.storyboard */,
				0789ACE32AAA69FB00C306FB /* Info.plist */,
				07AE1B4E2AB0F99400D7D670 /* Menu_Controller.swift */,
				07AE1B8E2AB218C300D7D670 /* GameBoard.swift */,
				07AE1B922AB23D7B00D7D670 /* Player.swift */,
			);
			path = TicTacToe;
			sourceTree = "<group>";
		};
		0789ACEB2AAA69FC00C306FB /* TicTacToeTests */ = {
			isa = PBXGroup;
			children = (
				0789ACEC2AAA69FC00C306FB /* TicTacToeTests.swift */,
			);
			path = TicTacToeTests;
			sourceTree = "<group>";
		};
		0789ACF52AAA69FC00C306FB /* TicTacToeUITests */ = {
			isa = PBXGroup;
			children = (
				0789ACF62AAA69FC00C306FB /* TicTacToeUITests.swift */,
				0789ACF82AAA69FC00C306FB /* TicTacToeUITestsLaunchTests.swift */,
			);
			path = TicTacToeUITests;
			sourceTree = "<group>";
		};
/* End PBXGroup section */

/* Begin PBXNativeTarget section */
		0789ACD12AAA69FB00C306FB /* TicTacToe */ = {
			isa = PBXNativeTarget;
			buildConfigurationList = 0789ACFC2AAA69FC00C306FB /* Build configuration list for PBXNativeTarget "TicTacToe" */;
			buildPhases = (
				0789ACCE2AAA69FB00C306FB /* Sources */,
				0789ACCF2AAA69FB00C306FB /* Frameworks */,
				0789ACD02AAA69FB00C306FB /* Resources */,
			);
			buildRules = (
			);
			dependencies = (
			);
			name = TicTacToe;
			productName = TicTacToe;
			productReference = 0789ACD22AAA69FB00C306FB /* TicTacToe.app */;
			productType = "com.apple.product-type.application";
		};
		0789ACE72AAA69FC00C306FB /* TicTacToeTests */ = {
			isa = PBXNativeTarget;
			buildConfigurationList = 0789ACFF2AAA69FC00C306FB /* Build configuration list for PBXNativeTarget "TicTacToeTests" */;
			buildPhases = (
				0789ACE42AAA69FC00C306FB /* Sources */,
				0789ACE52AAA69FC00C306FB /* Frameworks */,
				0789ACE62AAA69FC00C306FB /* Resources */,
			);
			buildRules = (
			);
			dependencies = (
				0789ACEA2AAA69FC00C306FB /* PBXTargetDependency */,
			);
			name = TicTacToeTests;
			productName = TicTacToeTests;
			productReference = 0789ACE82AAA69FC00C306FB /* TicTacToeTests.xctest */;
			productType = "com.apple.product-type.bundle.unit-test";
		};
		0789ACF12AAA69FC00C306FB /* TicTacToeUITests */ = {
			isa = PBXNativeTarget;
			buildConfigurationList = 0789AD022AAA69FC00C306FB /* Build configuration list for PBXNativeTarget "TicTacToeUITests" */;
			buildPhases = (
				0789ACEE2AAA69FC00C306FB /* Sources */,
				0789ACEF2AAA69FC00C306FB /* Frameworks */,
				0789ACF02AAA69FC00C306FB /* Resources */,
			);
			buildRules = (
			);
			dependencies = (
				0789ACF42AAA69FC00C306FB /* PBXTargetDependency */,
			);
			name = TicTacToeUITests;
			productName = TicTacToeUITests;
			productReference = 0789ACF22AAA69FC00C306FB /* TicTacToeUITests.xctest */;
			productType = "com.apple.product-type.bundle.ui-testing";
		};
/* End PBXNativeTarget section */

/* Begin PBXProject section */
		0789ACCA2AAA69FB00C306FB /* Project object */ = {
			isa = PBXProject;
			attributes = {
				BuildIndependentTargetsInParallel = 1;
				LastSwiftUpdateCheck = 1430;
				LastUpgradeCheck = 1430;
				TargetAttributes = {
					0789ACD12AAA69FB00C306FB = {
						CreatedOnToolsVersion = 14.3.1;
					};
					0789ACE72AAA69FC00C306FB = {
						CreatedOnToolsVersion = 14.3.1;
						TestTargetID = 0789ACD12AAA69FB00C306FB;
					};
					0789ACF12AAA69FC00C306FB = {
						CreatedOnToolsVersion = 14.3.1;
						TestTargetID = 0789ACD12AAA69FB00C306FB;
					};
				};
			};
			buildConfigurationList = 0789ACCD2AAA69FB00C306FB /* Build configuration list for PBXProject "TicTacToe" */;
			compatibilityVersion = "Xcode 14.0";
			developmentRegion = en;
			hasScannedForEncodings = 0;
			knownRegions = (
				en,
				Base,
			);
			mainGroup = 0789ACC92AAA69FB00C306FB;
			productRefGroup = 0789ACD32AAA69FB00C306FB /* Products */;
			projectDirPath = "";
			projectRoot = "";
			targets = (
				0789ACD12AAA69FB00C306FB /* TicTacToe */,
				0789ACE72AAA69FC00C306FB /* TicTacToeTests */,
				0789ACF12AAA69FC00C306FB /* TicTacToeUITests */,
			);
		};
/* End PBXProject section */

/* Begin PBXResourcesBuildPhase section */
		0789ACD02AAA69FB00C306FB /* Resources */ = {
			isa = PBXResourcesBuildPhase;
			buildActionMask = 2147483647;
			files = (
				0789ACE22AAA69FB00C306FB /* LaunchScreen.storyboard in Resources */,
				0789ACDF2AAA69FB00C306FB /* Assets.xcassets in Resources */,
				0789ACDD2AAA69FB00C306FB /* Main.storyboard in Resources */,
			);
			runOnlyForDeploymentPostprocessing = 0;
		};
		0789ACE62AAA69FC00C306FB /* Resources */ = {
			isa = PBXResourcesBuildPhase;
			buildActionMask = 2147483647;
			files = (
			);
			runOnlyForDeploymentPostprocessing = 0;
		};
		0789ACF02AAA69FC00C306FB /* Resources */ = {
			isa = PBXResourcesBuildPhase;
			buildActionMask = 2147483647;
			files = (
			);
			runOnlyForDeploymentPostprocessing = 0;
		};
/* End PBXResourcesBuildPhase section */

/* Begin PBXSourcesBuildPhase section */
		0789ACCE2AAA69FB00C306FB /* Sources */ = {
			isa = PBXSourcesBuildPhase;
			buildActionMask = 2147483647;
			files = (
				07AE1B4F2AB0F99400D7D670 /* Menu_Controller.swift in Sources */,
				07AE1B8F2AB218C300D7D670 /* GameBoard.swift in Sources */,
				0789ACDA2AAA69FB00C306FB /* ViewController.swift in Sources */,
				0789ACD62AAA69FB00C306FB /* AppDelegate.swift in Sources */,
				07AE1B932AB23D7B00D7D670 /* Player.swift in Sources */,
				0789ACD82AAA69FB00C306FB /* SceneDelegate.swift in Sources */,
			);
			runOnlyForDeploymentPostprocessing = 0;
		};
		0789ACE42AAA69FC00C306FB /* Sources */ = {
			isa = PBXSourcesBuildPhase;
			buildActionMask = 2147483647;
			files = (
				0789ACED2AAA69FC00C306FB /* TicTacToeTests.swift in Sources */,
			);
			runOnlyForDeploymentPostprocessing = 0;
		};
		0789ACEE2AAA69FC00C306FB /* Sources */ = {
			isa = PBXSourcesBuildPhase;
			buildActionMask = 2147483647;
			files = (
				0789ACF72AAA69FC00C306FB /* TicTacToeUITests.swift in Sources */,
				0789ACF92AAA69FC00C306FB /* TicTacToeUITestsLaunchTests.swift in Sources */,
			);
			runOnlyForDeploymentPostprocessing = 0;
		};
/* End PBXSourcesBuildPhase section */

/* Begin PBXTargetDependency section */
		0789ACEA2AAA69FC00C306FB /* PBXTargetDependency */ = {
			isa = PBXTargetDependency;
			target = 0789ACD12AAA69FB00C306FB /* TicTacToe */;
			targetProxy = 0789ACE92AAA69FC00C306FB /* PBXContainerItemProxy */;
		};
		0789ACF42AAA69FC00C306FB /* PBXTargetDependency */ = {
			isa = PBXTargetDependency;
			target = 0789ACD12AAA69FB00C306FB /* TicTacToe */;
			targetProxy = 0789ACF32AAA69FC00C306FB /* PBXContainerItemProxy */;
		};
/* End PBXTargetDependency section */

/* Begin PBXVariantGroup section */
		0789ACDB2AAA69FB00C306FB /* Main.storyboard */ = {
			isa = PBXVariantGroup;
			children = (
				0789ACDC2AAA69FB00C306FB /* Base */,
			);
			name = Main.storyboard;
			sourceTree = "<group>";
		};
		0789ACE02AAA69FB00C306FB /* LaunchScreen.storyboard */ = {
			isa = PBXVariantGroup;
			children = (
				0789ACE12AAA69FB00C306FB /* Base */,
			);
			name = LaunchScreen.storyboard;
			sourceTree = "<group>";
		};
/* End PBXVariantGroup section */

/* Begin XCBuildConfiguration section */
		0789ACFA2AAA69FC00C306FB /* Debug */ = {
			isa = XCBuildConfiguration;
			buildSettings = {
				ALWAYS_SEARCH_USER_PATHS = NO;
				CLANG_ANALYZER_NONNULL = YES;
				CLANG_ANALYZER_NUMBER_OBJECT_CONVERSION = YES_AGGRESSIVE;
				CLANG_CXX_LANGUAGE_STANDARD = "gnu++20";
				CLANG_ENABLE_MODULES = YES;
				CLANG_ENABLE_OBJC_ARC = YES;
				CLANG_ENABLE_OBJC_WEAK = YES;
				CLANG_WARN_BLOCK_CAPTURE_AUTORELEASING = YES;
				CLANG_WARN_BOOL_CONVERSION = YES;
				CLANG_WARN_COMMA = YES;
				CLANG_WARN_CONSTANT_CONVERSION = YES;
				CLANG_WARN_DEPRECATED_OBJC_IMPLEMENTATIONS = YES;
				CLANG_WARN_DIRECT_OBJC_ISA_USAGE = YES_ERROR;
				CLANG_WARN_DOCUMENTATION_COMMENTS = YES;
				CLANG_WARN_EMPTY_BODY = YES;
				CLANG_WARN_ENUM_CONVERSION = YES;
				CLANG_WARN_INFINITE_RECURSION = YES;
				CLANG_WARN_INT_CONVERSION = YES;
				CLANG_WARN_NON_LITERAL_NULL_CONVERSION = YES;
				CLANG_WARN_OBJC_IMPLICIT_RETAIN_SELF = YES;
				CLANG_WARN_OBJC_LITERAL_CONVERSION = YES;
				CLANG_WARN_OBJC_ROOT_CLASS = YES_ERROR;
				CLANG_WARN_QUOTED_INCLUDE_IN_FRAMEWORK_HEADER = YES;
				CLANG_WARN_RANGE_LOOP_ANALYSIS = YES;
				CLANG_WARN_STRICT_PROTOTYPES = YES;
				CLANG_WARN_SUSPICIOUS_MOVE = YES;
				CLANG_WARN_UNGUARDED_AVAILABILITY = YES_AGGRESSIVE;
				CLANG_WARN_UNREACHABLE_CODE = YES;
				CLANG_WARN__DUPLICATE_METHOD_MATCH = YES;
				COPY_PHASE_STRIP = NO;
				DEBUG_INFORMATION_FORMAT = dwarf;
				ENABLE_STRICT_OBJC_MSGSEND = YES;
				ENABLE_TESTABILITY = YES;
				GCC_C_LANGUAGE_STANDARD = gnu11;
				GCC_DYNAMIC_NO_PIC = NO;
				GCC_NO_COMMON_BLOCKS = YES;
				GCC_OPTIMIZATION_LEVEL = 0;
				GCC_PREPROCESSOR_DEFINITIONS = (
					"DEBUG=1",
					"$(inherited)",
				);
				GCC_WARN_64_TO_32_BIT_CONVERSION = YES;
				GCC_WARN_ABOUT_RETURN_TYPE = YES_ERROR;
				GCC_WARN_UNDECLARED_SELECTOR = YES;
				GCC_WARN_UNINITIALIZED_AUTOS = YES_AGGRESSIVE;
				GCC_WARN_UNUSED_FUNCTION = YES;
				GCC_WARN_UNUSED_VARIABLE = YES;
				IPHONEOS_DEPLOYMENT_TARGET = 16.4;
				MTL_ENABLE_DEBUG_INFO = INCLUDE_SOURCE;
				MTL_FAST_MATH = YES;
				ONLY_ACTIVE_ARCH = YES;
				SDKROOT = iphoneos;
				SWIFT_ACTIVE_COMPILATION_CONDITIONS = DEBUG;
				SWIFT_OPTIMIZATION_LEVEL = "-Onone";
			};
			name = Debug;
		};
		0789ACFB2AAA69FC00C306FB /* Release */ = {
			isa = XCBuildConfiguration;
			buildSettings = {
				ALWAYS_SEARCH_USER_PATHS = NO;
				CLANG_ANALYZER_NONNULL = YES;
				CLANG_ANALYZER_NUMBER_OBJECT_CONVERSION = YES_AGGRESSIVE;
				CLANG_CXX_LANGUAGE_STANDARD = "gnu++20";
				CLANG_ENABLE_MODULES = YES;
				CLANG_ENABLE_OBJC_ARC = YES;
				CLANG_ENABLE_OBJC_WEAK = YES;
				CLANG_WARN_BLOCK_CAPTURE_AUTORELEASING = YES;
				CLANG_WARN_BOOL_CONVERSION = YES;
				CLANG_WARN_COMMA = YES;
				CLANG_WARN_CONSTANT_CONVERSION = YES;
				CLANG_WARN_DEPRECATED_OBJC_IMPLEMENTATIONS = YES;
				CLANG_WARN_DIRECT_OBJC_ISA_USAGE = YES_ERROR;
				CLANG_WARN_DOCUMENTATION_COMMENTS = YES;
				CLANG_WARN_EMPTY_BODY = YES;
				CLANG_WARN_ENUM_CONVERSION = YES;
				CLANG_WARN_INFINITE_RECURSION = YES;
				CLANG_WARN_INT_CONVERSION = YES;
				CLANG_WARN_NON_LITERAL_NULL_CONVERSION = YES;
				CLANG_WARN_OBJC_IMPLICIT_RETAIN_SELF = YES;
				CLANG_WARN_OBJC_LITERAL_CONVERSION = YES;
				CLANG_WARN_OBJC_ROOT_CLASS = YES_ERROR;
				CLANG_WARN_QUOTED_INCLUDE_IN_FRAMEWORK_HEADER = YES;
				CLANG_WARN_RANGE_LOOP_ANALYSIS = YES;
				CLANG_WARN_STRICT_PROTOTYPES = YES;
				CLANG_WARN_SUSPICIOUS_MOVE = YES;
				CLANG_WARN_UNGUARDED_AVAILABILITY = YES_AGGRESSIVE;
				CLANG_WARN_UNREACHABLE_CODE = YES;
				CLANG_WARN__DUPLICATE_METHOD_MATCH = YES;
				COPY_PHASE_STRIP = NO;
				DEBUG_INFORMATION_FORMAT = "dwarf-with-dsym";
				ENABLE_NS_ASSERTIONS = NO;
				ENABLE_STRICT_OBJC_MSGSEND = YES;
				GCC_C_LANGUAGE_STANDARD = gnu11;
				GCC_NO_COMMON_BLOCKS = YES;
				GCC_WARN_64_TO_32_BIT_CONVERSION = YES;
				GCC_WARN_ABOUT_RETURN_TYPE = YES_ERROR;
				GCC_WARN_UNDECLARED_SELECTOR = YES;
				GCC_WARN_UNINITIALIZED_AUTOS = YES_AGGRESSIVE;
				GCC_WARN_UNUSED_FUNCTION = YES;
				GCC_WARN_UNUSED_VARIABLE = YES;
				IPHONEOS_DEPLOYMENT_TARGET = 16.4;
				MTL_ENABLE_DEBUG_INFO = NO;
				MTL_FAST_MATH = YES;
				SDKROOT = iphoneos;
				SWIFT_COMPILATION_MODE = wholemodule;
				SWIFT_OPTIMIZATION_LEVEL = "-O";
				VALIDATE_PRODUCT = YES;
			};
			name = Release;
		};
		0789ACFD2AAA69FC00C306FB /* Debug */ = {
			isa = XCBuildConfiguration;
			buildSettings = {
				ASSETCATALOG_COMPILER_APPICON_NAME = AppIcon;
				ASSETCATALOG_COMPILER_GLOBAL_ACCENT_COLOR_NAME = AccentColor;
				CODE_SIGN_STYLE = Automatic;
				CURRENT_PROJECT_VERSION = 1;
				GENERATE_INFOPLIST_FILE = YES;
				INFOPLIST_FILE = TicTacToe/Info.plist;
				INFOPLIST_KEY_UIApplicationSupportsIndirectInputEvents = YES;
				INFOPLIST_KEY_UILaunchStoryboardName = LaunchScreen;
				INFOPLIST_KEY_UIMainStoryboardFile = Main;
				INFOPLIST_KEY_UISupportedInterfaceOrientations_iPad = "UIInterfaceOrientationPortrait UIInterfaceOrientationPortraitUpsideDown UIInterfaceOrientationLandscapeLeft UIInterfaceOrientationLandscapeRight";
				INFOPLIST_KEY_UISupportedInterfaceOrientations_iPhone = "UIInterfaceOrientationPortrait UIInterfaceOrientationLandscapeLeft UIInterfaceOrientationLandscapeRight";
				LD_RUNPATH_SEARCH_PATHS = (
					"$(inherited)",
					"@executable_path/Frameworks",
				);
				MARKETING_VERSION = 1.0;
				PRODUCT_BUNDLE_IDENTIFIER = Test1.TicTacToe;
				PRODUCT_NAME = "$(TARGET_NAME)";
				SWIFT_EMIT_LOC_STRINGS = YES;
				SWIFT_VERSION = 5.0;
				TARGETED_DEVICE_FAMILY = "1,2";
			};
			name = Debug;
		};
		0789ACFE2AAA69FC00C306FB /* Release */ = {
			isa = XCBuildConfiguration;
			buildSettings = {
				ASSETCATALOG_COMPILER_APPICON_NAME = AppIcon;
				ASSETCATALOG_COMPILER_GLOBAL_ACCENT_COLOR_NAME = AccentColor;
				CODE_SIGN_STYLE = Automatic;
				CURRENT_PROJECT_VERSION = 1;
				GENERATE_INFOPLIST_FILE = YES;
				INFOPLIST_FILE = TicTacToe/Info.plist;
				INFOPLIST_KEY_UIApplicationSupportsIndirectInputEvents = YES;
				INFOPLIST_KEY_UILaunchStoryboardName = LaunchScreen;
				INFOPLIST_KEY_UIMainStoryboardFile = Main;
				INFOPLIST_KEY_UISupportedInterfaceOrientations_iPad = "UIInterfaceOrientationPortrait UIInterfaceOrientationPortraitUpsideDown UIInterfaceOrientationLandscapeLeft UIInterfaceOrientationLandscapeRight";
				INFOPLIST_KEY_UISupportedInterfaceOrientations_iPhone = "UIInterfaceOrientationPortrait UIInterfaceOrientationLandscapeLeft UIInterfaceOrientationLandscapeRight";
				LD_RUNPATH_SEARCH_PATHS = (
					"$(inherited)",
					"@executable_path/Frameworks",
				);
				MARKETING_VERSION = 1.0;
				PRODUCT_BUNDLE_IDENTIFIER = Test1.TicTacToe;
				PRODUCT_NAME = "$(TARGET_NAME)";
				SWIFT_EMIT_LOC_STRINGS = YES;
				SWIFT_VERSION = 5.0;
				TARGETED_DEVICE_FAMILY = "1,2";
			};
			name = Release;
		};
		0789AD002AAA69FC00C306FB /* Debug */ = {
			isa = XCBuildConfiguration;
			buildSettings = {
				ALWAYS_EMBED_SWIFT_STANDARD_LIBRARIES = YES;
				BUNDLE_LOADER = "$(TEST_HOST)";
				CODE_SIGN_STYLE = Automatic;
				CURRENT_PROJECT_VERSION = 1;
				GENERATE_INFOPLIST_FILE = YES;
				IPHONEOS_DEPLOYMENT_TARGET = 16.4;
				MARKETING_VERSION = 1.0;
				PRODUCT_BUNDLE_IDENTIFIER = Test1.TicTacToeTests;
				PRODUCT_NAME = "$(TARGET_NAME)";
				SWIFT_EMIT_LOC_STRINGS = NO;
				SWIFT_VERSION = 5.0;
				TARGETED_DEVICE_FAMILY = "1,2";
				TEST_HOST = "$(BUILT_PRODUCTS_DIR)/TicTacToe.app/$(BUNDLE_EXECUTABLE_FOLDER_PATH)/TicTacToe";
			};
			name = Debug;
		};
		0789AD012AAA69FC00C306FB /* Release */ = {
			isa = XCBuildConfiguration;
			buildSettings = {
				ALWAYS_EMBED_SWIFT_STANDARD_LIBRARIES = YES;
				BUNDLE_LOADER = "$(TEST_HOST)";
				CODE_SIGN_STYLE = Automatic;
				CURRENT_PROJECT_VERSION = 1;
				GENERATE_INFOPLIST_FILE = YES;
				IPHONEOS_DEPLOYMENT_TARGET = 16.4;
				MARKETING_VERSION = 1.0;
				PRODUCT_BUNDLE_IDENTIFIER = Test1.TicTacToeTests;
				PRODUCT_NAME = "$(TARGET_NAME)";
				SWIFT_EMIT_LOC_STRINGS = NO;
				SWIFT_VERSION = 5.0;
				TARGETED_DEVICE_FAMILY = "1,2";
				TEST_HOST = "$(BUILT_PRODUCTS_DIR)/TicTacToe.app/$(BUNDLE_EXECUTABLE_FOLDER_PATH)/TicTacToe";
			};
			name = Release;
		};
		0789AD032AAA69FC00C306FB /* Debug */ = {
			isa = XCBuildConfiguration;
			buildSettings = {
				ALWAYS_EMBED_SWIFT_STANDARD_LIBRARIES = YES;
				CODE_SIGN_STYLE = Automatic;
				CURRENT_PROJECT_VERSION = 1;
				GENERATE_INFOPLIST_FILE = YES;
				MARKETING_VERSION = 1.0;
				PRODUCT_BUNDLE_IDENTIFIER = Test1.TicTacToeUITests;
				PRODUCT_NAME = "$(TARGET_NAME)";
				SWIFT_EMIT_LOC_STRINGS = NO;
				SWIFT_VERSION = 5.0;
				TARGETED_DEVICE_FAMILY = "1,2";
				TEST_TARGET_NAME = TicTacToe;
			};
			name = Debug;
		};
		0789AD042AAA69FC00C306FB /* Release */ = {
			isa = XCBuildConfiguration;
			buildSettings = {
				ALWAYS_EMBED_SWIFT_STANDARD_LIBRARIES = YES;
				CODE_SIGN_STYLE = Automatic;
				CURRENT_PROJECT_VERSION = 1;
				GENERATE_INFOPLIST_FILE = YES;
				MARKETING_VERSION = 1.0;
				PRODUCT_BUNDLE_IDENTIFIER = Test1.TicTacToeUITests;
				PRODUCT_NAME = "$(TARGET_NAME)";
				SWIFT_EMIT_LOC_STRINGS = NO;
				SWIFT_VERSION = 5.0;
				TARGETED_DEVICE_FAMILY = "1,2";
				TEST_TARGET_NAME = TicTacToe;
			};
			name = Release;
		};
/* End XCBuildConfiguration section */

/* Begin XCConfigurationList section */
		0789ACCD2AAA69FB00C306FB /* Build configuration list for PBXProject "TicTacToe" */ = {
			isa = XCConfigurationList;
			buildConfigurations = (
				0789ACFA2AAA69FC00C306FB /* Debug */,
				0789ACFB2AAA69FC00C306FB /* Release */,
			);
			defaultConfigurationIsVisible = 0;
			defaultConfigurationName = Release;
		};
		0789ACFC2AAA69FC00C306FB /* Build configuration list for PBXNativeTarget "TicTacToe" */ = {
			isa = XCConfigurationList;
			buildConfigurations = (
				0789ACFD2AAA69FC00C306FB /* Debug */,
				0789ACFE2AAA69FC00C306FB /* Release */,
			);
			defaultConfigurationIsVisible = 0;
			defaultConfigurationName = Release;
		};
		0789ACFF2AAA69FC00C306FB /* Build configuration list for PBXNativeTarget "TicTacToeTests" */ = {
			isa = XCConfigurationList;
			buildConfigurations = (
				0789AD002AAA69FC00C306FB /* Debug */,
				0789AD012AAA69FC00C306FB /* Release */,
			);
			defaultConfigurationIsVisible = 0;
			defaultConfigurationName = Release;
		};
		0789AD022AAA69FC00C306FB /* Build configuration list for PBXNativeTarget "TicTacToeUITests" */ = {
			isa = XCConfigurationList;
			buildConfigurations = (
				0789AD032AAA69FC00C306FB /* Debug */,
				0789AD042AAA69FC00C306FB /* Release */,
			);
			defaultConfigurationIsVisible = 0;
			defaultConfigurationName = Release;
		};
/* End XCConfigurationList section */
	};
	rootObject = 0789ACCA2AAA69FB00C306FB /* Project object */;
}
